
Microsoft Visual Studio Solution File, Format Version 12.00
# Visual Studio Version 17
VisualStudioVersion = 17.0.32002.185
MinimumVisualStudioVersion = 10.0.40219.1
Project("{9A19103F-16F7-4668-BE54-9A1E7A4F7556}") = "Tictactoe.Server", "Tictactoe.Server\Tictactoe.Server.csproj", "{C0EBA5F5-D02E-422A-9BF6-B3C1FE317D39}"
EndProject
Project("{F2A71F9B-5D33-465A-A702-920D77279786}") = "Tictactoe.Engine", "Tictactoe.Engine\Tictactoe.Engine.fsproj", "{8FC527BE-0DD0-4602-B65C-C8A044344EB6}"
EndProject
Project("{F2A71F9B-5D33-465A-A702-920D77279786}") = "Tictactoe.Engine.UnitTest", "Tictactoe.Engine.UnitTest\Tictactoe.Engine.UnitTest.fsproj", "{AF6DB584-C0AD-4CF8-9074-401D0B959929}"
EndProject
Project("{FAE04EC0-301F-11D3-BF4B-00C04F79EFBC}") = "Tictactoe.AppHost", "Tictactoe.AppHost\Tictactoe.AppHost.csproj", "{832CE76C-F2B7-48F5-B1BF-CC31DCD9B8A8}"
EndProject
Project("{FAE04EC0-301F-11D3-BF4B-00C04F79EFBC}") = "Tictactoe.ServiceDefaults", "Tictactoe.ServiceDefaults\Tictactoe.ServiceDefaults.csproj", "{4F87BC50-1E5B-4680-8584-513D7130C2D6}"
EndProject
Project("{FAE04EC0-301F-11D3-BF4B-00C04F79EFBC}") = "Tictactoe.Authentication", "Tictactoe.Authentication\Tictactoe.Authentication.csproj", "{FF2DC7AC-FBB7-49FE-AA58-9046E14C4AA7}"
EndProject
Project("{2150E333-8FDC-42A3-9474-1A3956D46DE8}") = "Solution Items", "Solution Items", "{9EF4A8C1-21F9-4FA1-BF19-49A9A5C4DFD6}"
	ProjectSection(SolutionItems) = preProject
		.editorconfig = .editorconfig
		.gitignore = .gitignore
		Directory.Build.props = Directory.Build.props
		Directory.Packages.props = Directory.Packages.props
	EndProjectSection
EndProject
Project("{FAE04EC0-301F-11D3-BF4B-00C04F79EFBC}") = "Tictactoe.Gateway", "Tictactoe.Gateway\Tictactoe.Gateway.csproj", "{B6AF5B66-2091-48CC-BEF1-75E1A39C22DD}"
EndProject
Project("{FAE04EC0-301F-11D3-BF4B-00C04F79EFBC}") = "Tictactoe.Web", "TicTacToe.Web\Tictactoe.Web.csproj", "{487C74A2-FC8E-4E5D-920F-2A520014840D}"
EndProject
Global
	GlobalSection(SolutionConfigurationPlatforms) = preSolution
		Debug|Any CPU = Debug|Any CPU
		Release|Any CPU = Release|Any CPU
	EndGlobalSection
	GlobalSection(ProjectConfigurationPlatforms) = postSolution
		{C0EBA5F5-D02E-422A-9BF6-B3C1FE317D39}.Debug|Any CPU.ActiveCfg = Debug|Any CPU
		{C0EBA5F5-D02E-422A-9BF6-B3C1FE317D39}.Debug|Any CPU.Build.0 = Debug|Any CPU
		{C0EBA5F5-D02E-422A-9BF6-B3C1FE317D39}.Release|Any CPU.ActiveCfg = Release|Any CPU
		{C0EBA5F5-D02E-422A-9BF6-B3C1FE317D39}.Release|Any CPU.Build.0 = Release|Any CPU
		{8FC527BE-0DD0-4602-B65C-C8A044344EB6}.Debug|Any CPU.ActiveCfg = Debug|Any CPU
		{8FC527BE-0DD0-4602-B65C-C8A044344EB6}.Debug|Any CPU.Build.0 = Debug|Any CPU
		{8FC527BE-0DD0-4602-B65C-C8A044344EB6}.Release|Any CPU.ActiveCfg = Release|Any CPU
		{8FC527BE-0DD0-4602-B65C-C8A044344EB6}.Release|Any CPU.Build.0 = Release|Any CPU
		{AF6DB584-C0AD-4CF8-9074-401D0B959929}.Debug|Any CPU.ActiveCfg = Debug|Any CPU
		{AF6DB584-C0AD-4CF8-9074-401D0B959929}.Debug|Any CPU.Build.0 = Debug|Any CPU
		{AF6DB584-C0AD-4CF8-9074-401D0B959929}.Release|Any CPU.ActiveCfg = Release|Any CPU
		{AF6DB584-C0AD-4CF8-9074-401D0B959929}.Release|Any CPU.Build.0 = Release|Any CPU
		{832CE76C-F2B7-48F5-B1BF-CC31DCD9B8A8}.Debug|Any CPU.ActiveCfg = Debug|Any CPU
		{832CE76C-F2B7-48F5-B1BF-CC31DCD9B8A8}.Debug|Any CPU.Build.0 = Debug|Any CPU
		{832CE76C-F2B7-48F5-B1BF-CC31DCD9B8A8}.Release|Any CPU.ActiveCfg = Release|Any CPU
		{832CE76C-F2B7-48F5-B1BF-CC31DCD9B8A8}.Release|Any CPU.Build.0 = Release|Any CPU
		{4F87BC50-1E5B-4680-8584-513D7130C2D6}.Debug|Any CPU.ActiveCfg = Debug|Any CPU
		{4F87BC50-1E5B-4680-8584-513D7130C2D6}.Debug|Any CPU.Build.0 = Debug|Any CPU
		{4F87BC50-1E5B-4680-8584-513D7130C2D6}.Release|Any CPU.ActiveCfg = Release|Any CPU
		{4F87BC50-1E5B-4680-8584-513D7130C2D6}.Release|Any CPU.Build.0 = Release|Any CPU
		{FF2DC7AC-FBB7-49FE-AA58-9046E14C4AA7}.Debug|Any CPU.ActiveCfg = Debug|Any CPU
		{FF2DC7AC-FBB7-49FE-AA58-9046E14C4AA7}.Debug|Any CPU.Build.0 = Debug|Any CPU
		{FF2DC7AC-FBB7-49FE-AA58-9046E14C4AA7}.Release|Any CPU.ActiveCfg = Release|Any CPU
		{FF2DC7AC-FBB7-49FE-AA58-9046E14C4AA7}.Release|Any CPU.Build.0 = Release|Any CPU
		{B6AF5B66-2091-48CC-BEF1-75E1A39C22DD}.Debug|Any CPU.ActiveCfg = Debug|Any CPU
		{B6AF5B66-2091-48CC-BEF1-75E1A39C22DD}.Debug|Any CPU.Build.0 = Debug|Any CPU
		{B6AF5B66-2091-48CC-BEF1-75E1A39C22DD}.Release|Any CPU.ActiveCfg = Release|Any CPU
		{B6AF5B66-2091-48CC-BEF1-75E1A39C22DD}.Release|Any CPU.Build.0 = Release|Any CPU
		{487C74A2-FC8E-4E5D-920F-2A520014840D}.Debug|Any CPU.ActiveCfg = Debug|Any CPU
		{487C74A2-FC8E-4E5D-920F-2A520014840D}.Debug|Any CPU.Build.0 = Debug|Any CPU
		{487C74A2-FC8E-4E5D-920F-2A520014840D}.Release|Any CPU.ActiveCfg = Release|Any CPU
		{487C74A2-FC8E-4E5D-920F-2A520014840D}.Release|Any CPU.Build.0 = Release|Any CPU
	EndGlobalSection
	GlobalSection(SolutionProperties) = preSolution
		HideSolutionNode = FALSE
	EndGlobalSection
	GlobalSection(ExtensibilityGlobals) = postSolution
		SolutionGuid = {62648542-B2D0-4120-861E-FEEFE7BAC292}
	EndGlobalSection
EndGlobal
